Microsoft Visual Studio Solution File, Format Version 12.00
# Visual Studio Version 17
VisualStudioVersion = 17.5.2.0
MinimumVisualStudioVersion = 10.0.40219.1
Project("{FAE04EC0-301F-11D3-BF4B-00C04F79EFBC}") = "Desafio2", "Desafio2.csproj", "{F321AE30-2EBC-74C4-E24F-D2AF3179C046}"
EndProject
Global
	GlobalSection(SolutionConfigurationPlatforms) = preSolution
		Debug|Any CPU = Debug|Any CPU
		Release|Any CPU = Release|Any CPU
	EndGlobalSection
	GlobalSection(ProjectConfigurationPlatforms) = postSolution
		{F321AE30-2EBC-74C4-E24F-D2AF3179C046}.Debug|Any CPU.ActiveCfg = Debug|Any CPU
		{F321AE30-2EBC-74C4-E24F-D2AF3179C046}.Debug|Any CPU.Build.0 = Debug|Any CPU
		{F321AE30-2EBC-74C4-E24F-D2AF3179C046}.Release|Any CPU.ActiveCfg = Release|Any CPU
		{F321AE30-2EBC-74C4-E24F-D2AF3179C046}.Release|Any CPU.Build.0 = Release|Any CPU
	EndGlobalSection
	GlobalSection(SolutionProperties) = preSolution
		HideSolutionNode = FALSE
	EndGlobalSection
	GlobalSection(ExtensibilityGlobals) = postSolution
		SolutionGuid = {2579B72C-A900-4A74-9AE5-BFB3FA470F4B}
	EndGlobalSection
EndGlobal
